{
  "originHash" : "75b9219b7cbc0f48b2159520c8d72c4c75a0df2c7201f8ed0247dfce0ab7740a",
  "pins" : [
    {
      "identity" : "route-composer",
      "kind" : "remoteSourceControl",
      "location" : "https://github.com/ekazaev/route-composer.git",
      "state" : {
        "revision" : "4170779391bb5fa81c59e93378da6720dc6cb43f",
        "version" : "2.21.0"
      }
    },
    {
      "identity" : "swift-perception",
      "kind" : "remoteSourceControl",
      "location" : "https://github.com/pointfreeco/swift-perception.git",
      "state" : {
        "revision" : "4f47ebafed5f0b0172cf5c661454fa8e28fb2ac4",
        "version" : "2.0.9"
      }
    },
    {
      "identity" : "swift-syntax",
      "kind" : "remoteSourceControl",
      "location" : "https://github.com/swiftlang/swift-syntax",
      "state" : {
        "revision" : "4799286537280063c85a32f09884cfbca301b1a1",
        "version" : "602.0.0"
      }
    },
    {
      "identity" : "xctest-dynamic-overlay",
      "kind" : "remoteSourceControl",
      "location" : "https://github.com/pointfreeco/xctest-dynamic-overlay",
      "state" : {
        "revision" : "31073495cae9caf243c440eac94b3ab067e3d7bc",
        "version" : "1.8.0"
      }
    }
  ],
  "version" : 3
}
